
Microsoft Visual Studio Solution File, Format Version 12.00
# Visual Studio Version 17
Project("{8BC9CEB8-8B4A-11D0-8D11-00A0C91BC942}") = "ALL_BUILD", "ALL_BUILD.vcxproj", "{49FBD453-B6E2-3C9A-8DB7-38A263BA0A01}"
	ProjectSection(ProjectDependencies) = postProject
		{CA927958-DEF5-3955-98E8-4F1609AA2BDF} = {CA927958-DEF5-3955-98E8-4F1609AA2BDF}
		{AEB2AE46-052E-3635-886F-BFF1A5B11E9A} = {AEB2AE46-052E-3635-886F-BFF1A5B11E9A}
		{16CD3CFD-930F-309F-A983-0A3243BFCD29} = {16CD3CFD-930F-309F-A983-0A3243BFCD29}
		{2A7DDCDC-A5CB-3F24-80FA-A73B7FCCF22E} = {2A7DDCDC-A5CB-3F24-80FA-A73B7FCCF22E}
	EndProjectSection
EndProject
Project("{8BC9CEB8-8B4A-11D0-8D11-00A0C91BC942}") = "Chapter0", "Chapter0.vcxproj", "{CA927958-DEF5-3955-98E8-4F1609AA2BDF}"
	ProjectSection(ProjectDependencies) = postProject
		{16CD3CFD-930F-309F-A983-0A3243BFCD29} = {16CD3CFD-930F-309F-A983-0A3243BFCD29}
	EndProjectSection
EndProject
Project("{8BC9CEB8-8B4A-11D0-8D11-00A0C91BC942}") = "Chapter1", "Chapter1.vcxproj", "{AEB2AE46-052E-3635-886F-BFF1A5B11E9A}"
	ProjectSection(ProjectDependencies) = postProject
		{16CD3CFD-930F-309F-A983-0A3243BFCD29} = {16CD3CFD-930F-309F-A983-0A3243BFCD29}
	EndProjectSection
EndProject
Project("{8BC9CEB8-8B4A-11D0-8D11-00A0C91BC942}") = "ZERO_CHECK", "ZERO_CHECK.vcxproj", "{16CD3CFD-930F-309F-A983-0A3243BFCD29}"
	ProjectSection(ProjectDependencies) = postProject
	EndProjectSection
EndProject
Project("{8BC9CEB8-8B4A-11D0-8D11-00A0C91BC942}") = "demonstration", "demonstration.vcxproj", "{2A7DDCDC-A5CB-3F24-80FA-A73B7FCCF22E}"
	ProjectSection(ProjectDependencies) = postProject
		{16CD3CFD-930F-309F-A983-0A3243BFCD29} = {16CD3CFD-930F-309F-A983-0A3243BFCD29}
	EndProjectSection
EndProject
Global
	GlobalSection(SolutionConfigurationPlatforms) = preSolution
		Debug|x64 = Debug|x64
		Release|x64 = Release|x64
		MinSizeRel|x64 = MinSizeRel|x64
		RelWithDebInfo|x64 = RelWithDebInfo|x64
	EndGlobalSection
	GlobalSection(ProjectConfigurationPlatforms) = postSolution
		{49FBD453-B6E2-3C9A-8DB7-38A263BA0A01}.Debug|x64.ActiveCfg = Debug|x64
		{49FBD453-B6E2-3C9A-8DB7-38A263BA0A01}.Release|x64.ActiveCfg = Release|x64
		{49FBD453-B6E2-3C9A-8DB7-38A263BA0A01}.MinSizeRel|x64.ActiveCfg = MinSizeRel|x64
		{49FBD453-B6E2-3C9A-8DB7-38A263BA0A01}.RelWithDebInfo|x64.ActiveCfg = RelWithDebInfo|x64
		{CA927958-DEF5-3955-98E8-4F1609AA2BDF}.Debug|x64.ActiveCfg = Debug|x64
		{CA927958-DEF5-3955-98E8-4F1609AA2BDF}.Debug|x64.Build.0 = Debug|x64
		{CA927958-DEF5-3955-98E8-4F1609AA2BDF}.Release|x64.ActiveCfg = Release|x64
		{CA927958-DEF5-3955-98E8-4F1609AA2BDF}.Release|x64.Build.0 = Release|x64
		{CA927958-DEF5-3955-98E8-4F1609AA2BDF}.MinSizeRel|x64.ActiveCfg = MinSizeRel|x64
		{CA927958-DEF5-3955-98E8-4F1609AA2BDF}.MinSizeRel|x64.Build.0 = MinSizeRel|x64
		{CA927958-DEF5-3955-98E8-4F1609AA2BDF}.RelWithDebInfo|x64.ActiveCfg = RelWithDebInfo|x64
		{CA927958-DEF5-3955-98E8-4F1609AA2BDF}.RelWithDebInfo|x64.Build.0 = RelWithDebInfo|x64
		{AEB2AE46-052E-3635-886F-BFF1A5B11E9A}.Debug|x64.ActiveCfg = Debug|x64
		{AEB2AE46-052E-3635-886F-BFF1A5B11E9A}.Debug|x64.Build.0 = Debug|x64
		{AEB2AE46-052E-3635-886F-BFF1A5B11E9A}.Release|x64.ActiveCfg = Release|x64
		{AEB2AE46-052E-3635-886F-BFF1A5B11E9A}.Release|x64.Build.0 = Release|x64
		{AEB2AE46-052E-3635-886F-BFF1A5B11E9A}.MinSizeRel|x64.ActiveCfg = MinSizeRel|x64
		{AEB2AE46-052E-3635-886F-BFF1A5B11E9A}.MinSizeRel|x64.Build.0 = MinSizeRel|x64
		{AEB2AE46-052E-3635-886F-BFF1A5B11E9A}.RelWithDebInfo|x64.ActiveCfg = RelWithDebInfo|x64
		{AEB2AE46-052E-3635-886F-BFF1A5B11E9A}.RelWithDebInfo|x64.Build.0 = RelWithDebInfo|x64
		{16CD3CFD-930F-309F-A983-0A3243BFCD29}.Debug|x64.ActiveCfg = Debug|x64
		{16CD3CFD-930F-309F-A983-0A3243BFCD29}.Debug|x64.Build.0 = Debug|x64
		{16CD3CFD-930F-309F-A983-0A3243BFCD29}.Release|x64.ActiveCfg = Release|x64
		{16CD3CFD-930F-309F-A983-0A3243BFCD29}.Release|x64.Build.0 = Release|x64
		{16CD3CFD-930F-309F-A983-0A3243BFCD29}.MinSizeRel|x64.ActiveCfg = MinSizeRel|x64
		{16CD3CFD-930F-309F-A983-0A3243BFCD29}.MinSizeRel|x64.Build.0 = MinSizeRel|x64
		{16CD3CFD-930F-309F-A983-0A3243BFCD29}.RelWithDebInfo|x64.ActiveCfg = RelWithDebInfo|x64
		{16CD3CFD-930F-309F-A983-0A3243BFCD29}.RelWithDebInfo|x64.Build.0 = RelWithDebInfo|x64
		{2A7DDCDC-A5CB-3F24-80FA-A73B7FCCF22E}.Debug|x64.ActiveCfg = Debug|x64
		{2A7DDCDC-A5CB-3F24-80FA-A73B7FCCF22E}.Debug|x64.Build.0 = Debug|x64
		{2A7DDCDC-A5CB-3F24-80FA-A73B7FCCF22E}.Release|x64.ActiveCfg = Release|x64
		{2A7DDCDC-A5CB-3F24-80FA-A73B7FCCF22E}.Release|x64.Build.0 = Release|x64
		{2A7DDCDC-A5CB-3F24-80FA-A73B7FCCF22E}.MinSizeRel|x64.ActiveCfg = MinSizeRel|x64
		{2A7DDCDC-A5CB-3F24-80FA-A73B7FCCF22E}.MinSizeRel|x64.Build.0 = MinSizeRel|x64
		{2A7DDCDC-A5CB-3F24-80FA-A73B7FCCF22E}.RelWithDebInfo|x64.ActiveCfg = RelWithDebInfo|x64
		{2A7DDCDC-A5CB-3F24-80FA-A73B7FCCF22E}.RelWithDebInfo|x64.Build.0 = RelWithDebInfo|x64
	EndGlobalSection
	GlobalSection(ExtensibilityGlobals) = postSolution
		SolutionGuid = {9708542F-E86D-329E-9EF8-45BBDD6E4AE0}
	EndGlobalSection
	GlobalSection(ExtensibilityAddIns) = postSolution
	EndGlobalSection
EndGlobal
